{
  "name": "final-dialog",
  "lockfileVersion": 2,
  "requires": true,
  "packages": {
    "": {
      "dependencies": {
        "@mdi/font": "^6.7.96"
      },
      "devDependencies": {
        "@fortawesome/fontawesome-free": "^6.1.1"
      }
    },
    "node_modules/@fortawesome/fontawesome-free": {
      "version": "6.1.1",
      "resolved": "https://registry.npmjs.org/@fortawesome/fontawesome-free/-/fontawesome-free-6.1.1.tgz",
      "integrity": "sha512-J/3yg2AIXc9wznaVqpHVX3Wa5jwKovVF0AMYSnbmcXTiL3PpRPfF58pzWucCwEiCJBp+hCNRLWClTomD8SseKg==",
      "dev": true,
      "hasInstallScript": true,
      "engines": {
        "node": ">=6"
      }
    },
    "node_modules/@mdi/font": {
      "version": "6.7.96",
      "resolved": "https://registry.npmjs.org/@mdi/font/-/font-6.7.96.tgz",
      "integrity": "sha512-M68vlRhtmA/SpDjo2dV3SUZus20jrU9Zp2ggslfzh0cbFpygPukcVpBIA3pErwsukhYt4RfbgXpFi74SjixOrQ=="
    }
  },
  "dependencies": {
    "@fortawesome/fontawesome-free": {
      "version": "6.1.1",
      "resolved": "https://registry.npmjs.org/@fortawesome/fontawesome-free/-/fontawesome-free-6.1.1.tgz",
      "integrity": "sha512-J/3yg2AIXc9wznaVqpHVX3Wa5jwKovVF0AMYSnbmcXTiL3PpRPfF58pzWucCwEiCJBp+hCNRLWClTomD8SseKg==",
      "dev": true
    },
    "@mdi/font": {
      "version": "6.7.96",
      "resolved": "https://registry.npmjs.org/@mdi/font/-/font-6.7.96.tgz",
      "integrity": "sha512-M68vlRhtmA/SpDjo2dV3SUZus20jrU9Zp2ggslfzh0cbFpygPukcVpBIA3pErwsukhYt4RfbgXpFi74SjixOrQ=="
    }
  }
}
